
Microsoft Visual Studio Solution File, Format Version 12.00
# Visual Studio Version 17
VisualStudioVersion = 17.0.31903.59
MinimumVisualStudioVersion = 10.0.40219.1
Project("{2150E333-8FDC-42A3-9474-1A3956D46DE8}") = "src", "src", "{827E0CD3-B72D-47B6-A68D-7590B98EB39B}"
EndProject
Project("{FAE04EC0-301F-11D3-BF4B-00C04F79EFBC}") = "Sheba.Api", "src\Sheba.Api\Sheba.Api.csproj", "{E2DC75B0-DC42-4339-B63F-97668079669F}"
EndProject
Project("{FAE04EC0-301F-11D3-BF4B-00C04F79EFBC}") = "Sheba.Shared.Kernel", "src\Sheba.Shared.Kernel\Sheba.Shared.Kernel.csproj", "{7B95449F-39D3-40B2-99DF-F0CD0957A7AE}"
EndProject
Project("{2150E333-8FDC-42A3-9474-1A3956D46DE8}") = "Modules", "Modules", "{EC447DCF-ABFA-6E24-52A5-D7FD48A5C558}"
EndProject
Project("{2150E333-8FDC-42A3-9474-1A3956D46DE8}") = "Identity", "Identity", "{0EC62A1A-9858-3A60-8A0C-FC9AACFA2EC7}"
EndProject
Project("{FAE04EC0-301F-11D3-BF4B-00C04F79EFBC}") = "Sheba.Identity.Domain", "src\Modules\Identity\Sheba.Identity.Domain\Sheba.Identity.Domain.csproj", "{172B8EEB-3611-4905-AABA-FCA7F5748BAC}"
EndProject
Project("{FAE04EC0-301F-11D3-BF4B-00C04F79EFBC}") = "Sheba.Identity.Application", "src\Modules\Identity\Sheba.Identity.Application\Sheba.Identity.Application.csproj", "{D7B482C7-FAEB-4978-89E8-0F166386D3F5}"
EndProject
Project("{FAE04EC0-301F-11D3-BF4B-00C04F79EFBC}") = "Sheba.Identity.Infrastructure", "src\Modules\Identity\Sheba.Identity.Infrastructure\Sheba.Identity.Infrastructure.csproj", "{0258F34A-6275-4F39-9F49-C6B562F1BF1B}"
EndProject
Project("{2150E333-8FDC-42A3-9474-1A3956D46DE8}") = "Citizen", "Citizen", "{8F8518B4-154E-A204-9343-2EC8B0A95320}"
EndProject
Project("{FAE04EC0-301F-11D3-BF4B-00C04F79EFBC}") = "Sheba.Citizen.Domain", "src\Modules\Citizen\Sheba.Citizen.Domain\Sheba.Citizen.Domain.csproj", "{F6E541F9-EBDE-485A-8AB6-2D16FBD349A4}"
EndProject
Project("{FAE04EC0-301F-11D3-BF4B-00C04F79EFBC}") = "Sheba.Citizen.Application", "src\Modules\Citizen\Sheba.Citizen.Application\Sheba.Citizen.Application.csproj", "{F1F6CCEB-F062-4D30-8BDE-65D4E5C28A5F}"
EndProject
Project("{FAE04EC0-301F-11D3-BF4B-00C04F79EFBC}") = "Sheba.Citizen.Infrastructure", "src\Modules\Citizen\Sheba.Citizen.Infrastructure\Sheba.Citizen.Infrastructure.csproj", "{DD06DC28-7552-42B3-8E2E-93ACAD01789A}"
EndProject
Project("{2150E333-8FDC-42A3-9474-1A3956D46DE8}") = "Ministry", "Ministry", "{76E800C0-1774-3B28-0A1E-377EB08ADE14}"
EndProject
Project("{FAE04EC0-301F-11D3-BF4B-00C04F79EFBC}") = "Sheba.Ministry.Domain", "src\Modules\Ministry\Sheba.Ministry.Domain\Sheba.Ministry.Domain.csproj", "{88AC22A7-5B3A-4626-AA32-36F3915052C8}"
EndProject
Project("{FAE04EC0-301F-11D3-BF4B-00C04F79EFBC}") = "Sheba.Ministry.Application", "src\Modules\Ministry\Sheba.Ministry.Application\Sheba.Ministry.Application.csproj", "{5429AA02-55CC-4AA2-A696-1DFCD9DF5289}"
EndProject
Project("{FAE04EC0-301F-11D3-BF4B-00C04F79EFBC}") = "Sheba.Ministry.Infrastructure", "src\Modules\Ministry\Sheba.Ministry.Infrastructure\Sheba.Ministry.Infrastructure.csproj", "{0641840A-EE34-44C6-AB01-B12079A889B4}"
EndProject
Project("{2150E333-8FDC-42A3-9474-1A3956D46DE8}") = "ServiceRequest", "ServiceRequest", "{BB767D30-59F6-37E9-3681-AD736E8A03BF}"
EndProject
Project("{FAE04EC0-301F-11D3-BF4B-00C04F79EFBC}") = "Sheba.ServiceRequest.Domain", "src\Modules\ServiceRequest\Sheba.ServiceRequest.Domain\Sheba.ServiceRequest.Domain.csproj", "{15DCD2AD-5D5C-4696-B81A-F641762364FF}"
EndProject
Project("{FAE04EC0-301F-11D3-BF4B-00C04F79EFBC}") = "Sheba.ServiceRequest.Application", "src\Modules\ServiceRequest\Sheba.ServiceRequest.Application\Sheba.ServiceRequest.Application.csproj", "{CAFE53C8-E332-4F53-AEC3-351B537DDF94}"
EndProject
Project("{FAE04EC0-301F-11D3-BF4B-00C04F79EFBC}") = "Sheba.ServiceRequest.Infrastructure", "src\Modules\ServiceRequest\Sheba.ServiceRequest.Infrastructure\Sheba.ServiceRequest.Infrastructure.csproj", "{4EF4966F-F492-40D5-8359-2AF69D32A244}"
EndProject
Project("{2150E333-8FDC-42A3-9474-1A3956D46DE8}") = "Document", "Document", "{6ADA4AB0-2536-CBD9-AEBC-C6B434F1AE41}"
EndProject
Project("{FAE04EC0-301F-11D3-BF4B-00C04F79EFBC}") = "Sheba.Document.Domain", "src\Modules\Document\Sheba.Document.Domain\Sheba.Document.Domain.csproj", "{381A7FE5-DEEA-46D8-828D-2157425EDB20}"
EndProject
Project("{FAE04EC0-301F-11D3-BF4B-00C04F79EFBC}") = "Sheba.Document.Application", "src\Modules\Document\Sheba.Document.Application\Sheba.Document.Application.csproj", "{F9588CBA-3539-4F5B-AD3C-2DFBB61BDD5C}"
EndProject
Project("{FAE04EC0-301F-11D3-BF4B-00C04F79EFBC}") = "Sheba.Document.Infrastructure", "src\Modules\Document\Sheba.Document.Infrastructure\Sheba.Document.Infrastructure.csproj", "{B2062001-1673-4782-BB89-61D408B5A8B7}"
EndProject
Project("{2150E333-8FDC-42A3-9474-1A3956D46DE8}") = "Wallet", "Wallet", "{1EE309CE-3C56-E0B4-4D30-990A2802E0F7}"
EndProject
Project("{FAE04EC0-301F-11D3-BF4B-00C04F79EFBC}") = "Sheba.Wallet.Domain", "src\Modules\Wallet\Sheba.Wallet.Domain\Sheba.Wallet.Domain.csproj", "{43CAFC6B-2D86-4D1C-A02D-F67A76890DF5}"
EndProject
Project("{FAE04EC0-301F-11D3-BF4B-00C04F79EFBC}") = "Sheba.Wallet.Application", "src\Modules\Wallet\Sheba.Wallet.Application\Sheba.Wallet.Application.csproj", "{9E599A46-005D-4002-9C54-E025F882FB0F}"
EndProject
Project("{FAE04EC0-301F-11D3-BF4B-00C04F79EFBC}") = "Sheba.Wallet.Infrastructure", "src\Modules\Wallet\Sheba.Wallet.Infrastructure\Sheba.Wallet.Infrastructure.csproj", "{2DC360B3-9A26-4E31-BD1D-CE6C0BD95BE7}"
EndProject
Project("{2150E333-8FDC-42A3-9474-1A3956D46DE8}") = "Notification", "Notification", "{4F8133DB-A301-0A1E-3DDE-929E67CC9B96}"
EndProject
Project("{FAE04EC0-301F-11D3-BF4B-00C04F79EFBC}") = "Sheba.Notification.Domain", "src\Modules\Notification\Sheba.Notification.Domain\Sheba.Notification.Domain.csproj", "{4F329341-5397-4485-9240-A73E9F324710}"
EndProject
Project("{FAE04EC0-301F-11D3-BF4B-00C04F79EFBC}") = "Sheba.Notification.Application", "src\Modules\Notification\Sheba.Notification.Application\Sheba.Notification.Application.csproj", "{8D02DAC3-89D2-40C5-9BE8-36115C1766B2}"
EndProject
Project("{FAE04EC0-301F-11D3-BF4B-00C04F79EFBC}") = "Sheba.Notification.Infrastructure", "src\Modules\Notification\Sheba.Notification.Infrastructure\Sheba.Notification.Infrastructure.csproj", "{09BC9780-762F-4522-8B57-870055C13BEF}"
EndProject
Project("{2150E333-8FDC-42A3-9474-1A3956D46DE8}") = "Payment", "Payment", "{486050DE-C6A4-B1E8-2B12-E91E5BE99E3F}"
EndProject
Project("{FAE04EC0-301F-11D3-BF4B-00C04F79EFBC}") = "Sheba.Payment.Domain", "src\Modules\Payment\Sheba.Payment.Domain\Sheba.Payment.Domain.csproj", "{AFD87E8F-A9C8-4A0C-8685-37852F6D66F3}"
EndProject
Project("{FAE04EC0-301F-11D3-BF4B-00C04F79EFBC}") = "Sheba.Payment.Application", "src\Modules\Payment\Sheba.Payment.Application\Sheba.Payment.Application.csproj", "{55C16989-C47B-4257-83F6-CD42B00FE635}"
EndProject
Project("{FAE04EC0-301F-11D3-BF4B-00C04F79EFBC}") = "Sheba.Payment.Infrastructure", "src\Modules\Payment\Sheba.Payment.Infrastructure\Sheba.Payment.Infrastructure.csproj", "{0EB873A9-22A3-42D8-881F-CFDBE18B07E1}"
EndProject
Project("{2150E333-8FDC-42A3-9474-1A3956D46DE8}") = "Audit", "Audit", "{B7504168-2F66-9EF4-E8D7-36B98062A6F8}"
EndProject
Project("{FAE04EC0-301F-11D3-BF4B-00C04F79EFBC}") = "Sheba.Audit.Domain", "src\Modules\Audit\Sheba.Audit.Domain\Sheba.Audit.Domain.csproj", "{91BA7078-6A6F-4535-B10E-8738EA78F87A}"
EndProject
Project("{FAE04EC0-301F-11D3-BF4B-00C04F79EFBC}") = "Sheba.Audit.Application", "src\Modules\Audit\Sheba.Audit.Application\Sheba.Audit.Application.csproj", "{3EDF49F2-4714-490B-9E37-0192A2D1808D}"
EndProject
Project("{FAE04EC0-301F-11D3-BF4B-00C04F79EFBC}") = "Sheba.Audit.Infrastructure", "src\Modules\Audit\Sheba.Audit.Infrastructure\Sheba.Audit.Infrastructure.csproj", "{F99EB154-13EB-4A95-B4FB-737366937F06}"
EndProject
Project("{2150E333-8FDC-42A3-9474-1A3956D46DE8}") = "Admin", "Admin", "{E9E1155A-A339-766C-C185-6698FF423EBC}"
EndProject
Project("{FAE04EC0-301F-11D3-BF4B-00C04F79EFBC}") = "Sheba.Admin.Domain", "src\Modules\Admin\Sheba.Admin.Domain\Sheba.Admin.Domain.csproj", "{A6695E6B-2784-4894-9D5A-B73EBF15CC50}"
EndProject
Project("{FAE04EC0-301F-11D3-BF4B-00C04F79EFBC}") = "Sheba.Admin.Application", "src\Modules\Admin\Sheba.Admin.Application\Sheba.Admin.Application.csproj", "{ADB17332-30BA-493C-92B8-7545DE4D3C2D}"
EndProject
Project("{FAE04EC0-301F-11D3-BF4B-00C04F79EFBC}") = "Sheba.Admin.Infrastructure", "src\Modules\Admin\Sheba.Admin.Infrastructure\Sheba.Admin.Infrastructure.csproj", "{950CF8BA-3B41-4251-BAF4-2B0256E66E2E}"
EndProject
Project("{2150E333-8FDC-42A3-9474-1A3956D46DE8}") = "tests", "tests", "{0AB3BF05-4346-4AA6-1389-037BE0695223}"
EndProject
Project("{FAE04EC0-301F-11D3-BF4B-00C04F79EFBC}") = "Sheba.Identity.Tests", "tests\Sheba.Identity.Tests\Sheba.Identity.Tests.csproj", "{FF19D679-8611-4D88-8C3A-4C3D8ACC1729}"
EndProject
Project("{FAE04EC0-301F-11D3-BF4B-00C04F79EFBC}") = "Sheba.Ministry.Tests", "tests\Sheba.Ministry.Tests\Sheba.Ministry.Tests.csproj", "{FDE38BC4-2CCE-4244-8F12-B7B13FBE833A}"
EndProject
Project("{FAE04EC0-301F-11D3-BF4B-00C04F79EFBC}") = "Sheba.ServiceRequest.Tests", "tests\Sheba.ServiceRequest.Tests\Sheba.ServiceRequest.Tests.csproj", "{22FCA38C-0CD7-4D66-B428-12C87ABA7D51}"
EndProject
Project("{FAE04EC0-301F-11D3-BF4B-00C04F79EFBC}") = "Sheba.Integration.Tests", "tests\Sheba.Integration.Tests\Sheba.Integration.Tests.csproj", "{5CBEDCA9-E343-46A7-8B5D-AF693A95E2AE}"
EndProject
Project("{FAE04EC0-301F-11D3-BF4B-00C04F79EFBC}") = "Sheba.Audit.Tests", "tests\Sheba.Audit.Tests\Sheba.Audit.Tests.csproj", "{DA211DE5-F42C-47B0-9264-D036559477F6}"
EndProject
Global
	GlobalSection(SolutionConfigurationPlatforms) = preSolution
		Debug|Any CPU = Debug|Any CPU
		Debug|x64 = Debug|x64
		Debug|x86 = Debug|x86
		Release|Any CPU = Release|Any CPU
		Release|x64 = Release|x64
		Release|x86 = Release|x86
	EndGlobalSection
	GlobalSection(ProjectConfigurationPlatforms) = postSolution
		{E2DC75B0-DC42-4339-B63F-97668079669F}.Debug|Any CPU.ActiveCfg = Debug|Any CPU
		{E2DC75B0-DC42-4339-B63F-97668079669F}.Debug|Any CPU.Build.0 = Debug|Any CPU
		{E2DC75B0-DC42-4339-B63F-97668079669F}.Debug|x64.ActiveCfg = Debug|Any CPU
		{E2DC75B0-DC42-4339-B63F-97668079669F}.Debug|x64.Build.0 = Debug|Any CPU
		{E2DC75B0-DC42-4339-B63F-97668079669F}.Debug|x86.ActiveCfg = Debug|Any CPU
		{E2DC75B0-DC42-4339-B63F-97668079669F}.Debug|x86.Build.0 = Debug|Any CPU
		{E2DC75B0-DC42-4339-B63F-97668079669F}.Release|Any CPU.ActiveCfg = Release|Any CPU
		{E2DC75B0-DC42-4339-B63F-97668079669F}.Release|Any CPU.Build.0 = Release|Any CPU
		{E2DC75B0-DC42-4339-B63F-97668079669F}.Release|x64.ActiveCfg = Release|Any CPU
		{E2DC75B0-DC42-4339-B63F-97668079669F}.Release|x64.Build.0 = Release|Any CPU
		{E2DC75B0-DC42-4339-B63F-97668079669F}.Release|x86.ActiveCfg = Release|Any CPU
		{E2DC75B0-DC42-4339-B63F-97668079669F}.Release|x86.Build.0 = Release|Any CPU
		{7B95449F-39D3-40B2-99DF-F0CD0957A7AE}.Debug|Any CPU.ActiveCfg = Debug|Any CPU
		{7B95449F-39D3-40B2-99DF-F0CD0957A7AE}.Debug|Any CPU.Build.0 = Debug|Any CPU
		{7B95449F-39D3-40B2-99DF-F0CD0957A7AE}.Debug|x64.ActiveCfg = Debug|Any CPU
		{7B95449F-39D3-40B2-99DF-F0CD0957A7AE}.Debug|x64.Build.0 = Debug|Any CPU
		{7B95449F-39D3-40B2-99DF-F0CD0957A7AE}.Debug|x86.ActiveCfg = Debug|Any CPU
		{7B95449F-39D3-40B2-99DF-F0CD0957A7AE}.Debug|x86.Build.0 = Debug|Any CPU
		{7B95449F-39D3-40B2-99DF-F0CD0957A7AE}.Release|Any CPU.ActiveCfg = Release|Any CPU
		{7B95449F-39D3-40B2-99DF-F0CD0957A7AE}.Release|Any CPU.Build.0 = Release|Any CPU
		{7B95449F-39D3-40B2-99DF-F0CD0957A7AE}.Release|x64.ActiveCfg = Release|Any CPU
		{7B95449F-39D3-40B2-99DF-F0CD0957A7AE}.Release|x64.Build.0 = Release|Any CPU
		{7B95449F-39D3-40B2-99DF-F0CD0957A7AE}.Release|x86.ActiveCfg = Release|Any CPU
		{7B95449F-39D3-40B2-99DF-F0CD0957A7AE}.Release|x86.Build.0 = Release|Any CPU
		{172B8EEB-3611-4905-AABA-FCA7F5748BAC}.Debug|Any CPU.ActiveCfg = Debug|Any CPU
		{172B8EEB-3611-4905-AABA-FCA7F5748BAC}.Debug|Any CPU.Build.0 = Debug|Any CPU
		{172B8EEB-3611-4905-AABA-FCA7F5748BAC}.Debug|x64.ActiveCfg = Debug|Any CPU
		{172B8EEB-3611-4905-AABA-FCA7F5748BAC}.Debug|x64.Build.0 = Debug|Any CPU
		{172B8EEB-3611-4905-AABA-FCA7F5748BAC}.Debug|x86.ActiveCfg = Debug|Any CPU
		{172B8EEB-3611-4905-AABA-FCA7F5748BAC}.Debug|x86.Build.0 = Debug|Any CPU
		{172B8EEB-3611-4905-AABA-FCA7F5748BAC}.Release|Any CPU.ActiveCfg = Release|Any CPU
		{172B8EEB-3611-4905-AABA-FCA7F5748BAC}.Release|Any CPU.Build.0 = Release|Any CPU
		{172B8EEB-3611-4905-AABA-FCA7F5748BAC}.Release|x64.ActiveCfg = Release|Any CPU
		{172B8EEB-3611-4905-AABA-FCA7F5748BAC}.Release|x64.Build.0 = Release|Any CPU
		{172B8EEB-3611-4905-AABA-FCA7F5748BAC}.Release|x86.ActiveCfg = Release|Any CPU
		{172B8EEB-3611-4905-AABA-FCA7F5748BAC}.Release|x86.Build.0 = Release|Any CPU
		{D7B482C7-FAEB-4978-89E8-0F166386D3F5}.Debug|Any CPU.ActiveCfg = Debug|Any CPU
		{D7B482C7-FAEB-4978-89E8-0F166386D3F5}.Debug|Any CPU.Build.0 = Debug|Any CPU
		{D7B482C7-FAEB-4978-89E8-0F166386D3F5}.Debug|x64.ActiveCfg = Debug|Any CPU
		{D7B482C7-FAEB-4978-89E8-0F166386D3F5}.Debug|x64.Build.0 = Debug|Any CPU
		{D7B482C7-FAEB-4978-89E8-0F166386D3F5}.Debug|x86.ActiveCfg = Debug|Any CPU
		{D7B482C7-FAEB-4978-89E8-0F166386D3F5}.Debug|x86.Build.0 = Debug|Any CPU
		{D7B482C7-FAEB-4978-89E8-0F166386D3F5}.Release|Any CPU.ActiveCfg = Release|Any CPU
		{D7B482C7-FAEB-4978-89E8-0F166386D3F5}.Release|Any CPU.Build.0 = Release|Any CPU
		{D7B482C7-FAEB-4978-89E8-0F166386D3F5}.Release|x64.ActiveCfg = Release|Any CPU
		{D7B482C7-FAEB-4978-89E8-0F166386D3F5}.Release|x64.Build.0 = Release|Any CPU
		{D7B482C7-FAEB-4978-89E8-0F166386D3F5}.Release|x86.ActiveCfg = Release|Any CPU
		{D7B482C7-FAEB-4978-89E8-0F166386D3F5}.Release|x86.Build.0 = Release|Any CPU
		{0258F34A-6275-4F39-9F49-C6B562F1BF1B}.Debug|Any CPU.ActiveCfg = Debug|Any CPU
		{0258F34A-6275-4F39-9F49-C6B562F1BF1B}.Debug|Any CPU.Build.0 = Debug|Any CPU
		{0258F34A-6275-4F39-9F49-C6B562F1BF1B}.Debug|x64.ActiveCfg = Debug|Any CPU
		{0258F34A-6275-4F39-9F49-C6B562F1BF1B}.Debug|x64.Build.0 = Debug|Any CPU
		{0258F34A-6275-4F39-9F49-C6B562F1BF1B}.Debug|x86.ActiveCfg = Debug|Any CPU
		{0258F34A-6275-4F39-9F49-C6B562F1BF1B}.Debug|x86.Build.0 = Debug|Any CPU
		{0258F34A-6275-4F39-9F49-C6B562F1BF1B}.Release|Any CPU.ActiveCfg = Release|Any CPU
		{0258F34A-6275-4F39-9F49-C6B562F1BF1B}.Release|Any CPU.Build.0 = Release|Any CPU
		{0258F34A-6275-4F39-9F49-C6B562F1BF1B}.Release|x64.ActiveCfg = Release|Any CPU
		{0258F34A-6275-4F39-9F49-C6B562F1BF1B}.Release|x64.Build.0 = Release|Any CPU
		{0258F34A-6275-4F39-9F49-C6B562F1BF1B}.Release|x86.ActiveCfg = Release|Any CPU
		{0258F34A-6275-4F39-9F49-C6B562F1BF1B}.Release|x86.Build.0 = Release|Any CPU
		{F6E541F9-EBDE-485A-8AB6-2D16FBD349A4}.Debug|Any CPU.ActiveCfg = Debug|Any CPU
		{F6E541F9-EBDE-485A-8AB6-2D16FBD349A4}.Debug|Any CPU.Build.0 = Debug|Any CPU
		{F6E541F9-EBDE-485A-8AB6-2D16FBD349A4}.Debug|x64.ActiveCfg = Debug|Any CPU
		{F6E541F9-EBDE-485A-8AB6-2D16FBD349A4}.Debug|x64.Build.0 = Debug|Any CPU
		{F6E541F9-EBDE-485A-8AB6-2D16FBD349A4}.Debug|x86.ActiveCfg = Debug|Any CPU
		{F6E541F9-EBDE-485A-8AB6-2D16FBD349A4}.Debug|x86.Build.0 = Debug|Any CPU
		{F6E541F9-EBDE-485A-8AB6-2D16FBD349A4}.Release|Any CPU.ActiveCfg = Release|Any CPU
		{F6E541F9-EBDE-485A-8AB6-2D16FBD349A4}.Release|Any CPU.Build.0 = Release|Any CPU
		{F6E541F9-EBDE-485A-8AB6-2D16FBD349A4}.Release|x64.ActiveCfg = Release|Any CPU
		{F6E541F9-EBDE-485A-8AB6-2D16FBD349A4}.Release|x64.Build.0 = Release|Any CPU
		{F6E541F9-EBDE-485A-8AB6-2D16FBD349A4}.Release|x86.ActiveCfg = Release|Any CPU
		{F6E541F9-EBDE-485A-8AB6-2D16FBD349A4}.Release|x86.Build.0 = Release|Any CPU
		{F1F6CCEB-F062-4D30-8BDE-65D4E5C28A5F}.Debug|Any CPU.ActiveCfg = Debug|Any CPU
		{F1F6CCEB-F062-4D30-8BDE-65D4E5C28A5F}.Debug|Any CPU.Build.0 = Debug|Any CPU
		{F1F6CCEB-F062-4D30-8BDE-65D4E5C28A5F}.Debug|x64.ActiveCfg = Debug|Any CPU
		{F1F6CCEB-F062-4D30-8BDE-65D4E5C28A5F}.Debug|x64.Build.0 = Debug|Any CPU
		{F1F6CCEB-F062-4D30-8BDE-65D4E5C28A5F}.Debug|x86.ActiveCfg = Debug|Any CPU
		{F1F6CCEB-F062-4D30-8BDE-65D4E5C28A5F}.Debug|x86.Build.0 = Debug|Any CPU
		{F1F6CCEB-F062-4D30-8BDE-65D4E5C28A5F}.Release|Any CPU.ActiveCfg = Release|Any CPU
		{F1F6CCEB-F062-4D30-8BDE-65D4E5C28A5F}.Release|Any CPU.Build.0 = Release|Any CPU
		{F1F6CCEB-F062-4D30-8BDE-65D4E5C28A5F}.Release|x64.ActiveCfg = Release|Any CPU
		{F1F6CCEB-F062-4D30-8BDE-65D4E5C28A5F}.Release|x64.Build.0 = Release|Any CPU
		{F1F6CCEB-F062-4D30-8BDE-65D4E5C28A5F}.Release|x86.ActiveCfg = Release|Any CPU
		{F1F6CCEB-F062-4D30-8BDE-65D4E5C28A5F}.Release|x86.Build.0 = Release|Any CPU
		{DD06DC28-7552-42B3-8E2E-93ACAD01789A}.Debug|Any CPU.ActiveCfg = Debug|Any CPU
		{DD06DC28-7552-42B3-8E2E-93ACAD01789A}.Debug|Any CPU.Build.0 = Debug|Any CPU
		{DD06DC28-7552-42B3-8E2E-93ACAD01789A}.Debug|x64.ActiveCfg = Debug|Any CPU
		{DD06DC28-7552-42B3-8E2E-93ACAD01789A}.Debug|x64.Build.0 = Debug|Any CPU
		{DD06DC28-7552-42B3-8E2E-93ACAD01789A}.Debug|x86.ActiveCfg = Debug|Any CPU
		{DD06DC28-7552-42B3-8E2E-93ACAD01789A}.Debug|x86.Build.0 = Debug|Any CPU
		{DD06DC28-7552-42B3-8E2E-93ACAD01789A}.Release|Any CPU.ActiveCfg = Release|Any CPU
		{DD06DC28-7552-42B3-8E2E-93ACAD01789A}.Release|Any CPU.Build.0 = Release|Any CPU
		{DD06DC28-7552-42B3-8E2E-93ACAD01789A}.Release|x64.ActiveCfg = Release|Any CPU
		{DD06DC28-7552-42B3-8E2E-93ACAD01789A}.Release|x64.Build.0 = Release|Any CPU
		{DD06DC28-7552-42B3-8E2E-93ACAD01789A}.Release|x86.ActiveCfg = Release|Any CPU
		{DD06DC28-7552-42B3-8E2E-93ACAD01789A}.Release|x86.Build.0 = Release|Any CPU
		{88AC22A7-5B3A-4626-AA32-36F3915052C8}.Debug|Any CPU.ActiveCfg = Debug|Any CPU
		{88AC22A7-5B3A-4626-AA32-36F3915052C8}.Debug|Any CPU.Build.0 = Debug|Any CPU
		{88AC22A7-5B3A-4626-AA32-36F3915052C8}.Debug|x64.ActiveCfg = Debug|Any CPU
		{88AC22A7-5B3A-4626-AA32-36F3915052C8}.Debug|x64.Build.0 = Debug|Any CPU
		{88AC22A7-5B3A-4626-AA32-36F3915052C8}.Debug|x86.ActiveCfg = Debug|Any CPU
		{88AC22A7-5B3A-4626-AA32-36F3915052C8}.Debug|x86.Build.0 = Debug|Any CPU
		{88AC22A7-5B3A-4626-AA32-36F3915052C8}.Release|Any CPU.ActiveCfg = Release|Any CPU
		{88AC22A7-5B3A-4626-AA32-36F3915052C8}.Release|Any CPU.Build.0 = Release|Any CPU
		{88AC22A7-5B3A-4626-AA32-36F3915052C8}.Release|x64.ActiveCfg = Release|Any CPU
		{88AC22A7-5B3A-4626-AA32-36F3915052C8}.Release|x64.Build.0 = Release|Any CPU
		{88AC22A7-5B3A-4626-AA32-36F3915052C8}.Release|x86.ActiveCfg = Release|Any CPU
		{88AC22A7-5B3A-4626-AA32-36F3915052C8}.Release|x86.Build.0 = Release|Any CPU
		{5429AA02-55CC-4AA2-A696-1DFCD9DF5289}.Debug|Any CPU.ActiveCfg = Debug|Any CPU
		{5429AA02-55CC-4AA2-A696-1DFCD9DF5289}.Debug|Any CPU.Build.0 = Debug|Any CPU
		{5429AA02-55CC-4AA2-A696-1DFCD9DF5289}.Debug|x64.ActiveCfg = Debug|Any CPU
		{5429AA02-55CC-4AA2-A696-1DFCD9DF5289}.Debug|x64.Build.0 = Debug|Any CPU
		{5429AA02-55CC-4AA2-A696-1DFCD9DF5289}.Debug|x86.ActiveCfg = Debug|Any CPU
		{5429AA02-55CC-4AA2-A696-1DFCD9DF5289}.Debug|x86.Build.0 = Debug|Any CPU
		{5429AA02-55CC-4AA2-A696-1DFCD9DF5289}.Release|Any CPU.ActiveCfg = Release|Any CPU
		{5429AA02-55CC-4AA2-A696-1DFCD9DF5289}.Release|Any CPU.Build.0 = Release|Any CPU
		{5429AA02-55CC-4AA2-A696-1DFCD9DF5289}.Release|x64.ActiveCfg = Release|Any CPU
		{5429AA02-55CC-4AA2-A696-1DFCD9DF5289}.Release|x64.Build.0 = Release|Any CPU
		{5429AA02-55CC-4AA2-A696-1DFCD9DF5289}.Release|x86.ActiveCfg = Release|Any CPU
		{5429AA02-55CC-4AA2-A696-1DFCD9DF5289}.Release|x86.Build.0 = Release|Any CPU
		{0641840A-EE34-44C6-AB01-B12079A889B4}.Debug|Any CPU.ActiveCfg = Debug|Any CPU
		{0641840A-EE34-44C6-AB01-B12079A889B4}.Debug|Any CPU.Build.0 = Debug|Any CPU
		{0641840A-EE34-44C6-AB01-B12079A889B4}.Debug|x64.ActiveCfg = Debug|Any CPU
		{0641840A-EE34-44C6-AB01-B12079A889B4}.Debug|x64.Build.0 = Debug|Any CPU
		{0641840A-EE34-44C6-AB01-B12079A889B4}.Debug|x86.ActiveCfg = Debug|Any CPU
		{0641840A-EE34-44C6-AB01-B12079A889B4}.Debug|x86.Build.0 = Debug|Any CPU
		{0641840A-EE34-44C6-AB01-B12079A889B4}.Release|Any CPU.ActiveCfg = Release|Any CPU
		{0641840A-EE34-44C6-AB01-B12079A889B4}.Release|Any CPU.Build.0 = Release|Any CPU
		{0641840A-EE34-44C6-AB01-B12079A889B4}.Release|x64.ActiveCfg = Release|Any CPU
		{0641840A-EE34-44C6-AB01-B12079A889B4}.Release|x64.Build.0 = Release|Any CPU
		{0641840A-EE34-44C6-AB01-B12079A889B4}.Release|x86.ActiveCfg = Release|Any CPU
		{0641840A-EE34-44C6-AB01-B12079A889B4}.Release|x86.Build.0 = Release|Any CPU
		{15DCD2AD-5D5C-4696-B81A-F641762364FF}.Debug|Any CPU.ActiveCfg = Debug|Any CPU
		{15DCD2AD-5D5C-4696-B81A-F641762364FF}.Debug|Any CPU.Build.0 = Debug|Any CPU
		{15DCD2AD-5D5C-4696-B81A-F641762364FF}.Debug|x64.ActiveCfg = Debug|Any CPU
		{15DCD2AD-5D5C-4696-B81A-F641762364FF}.Debug|x64.Build.0 = Debug|Any CPU
		{15DCD2AD-5D5C-4696-B81A-F641762364FF}.Debug|x86.ActiveCfg = Debug|Any CPU
		{15DCD2AD-5D5C-4696-B81A-F641762364FF}.Debug|x86.Build.0 = Debug|Any CPU
		{15DCD2AD-5D5C-4696-B81A-F641762364FF}.Release|Any CPU.ActiveCfg = Release|Any CPU
		{15DCD2AD-5D5C-4696-B81A-F641762364FF}.Release|Any CPU.Build.0 = Release|Any CPU
		{15DCD2AD-5D5C-4696-B81A-F641762364FF}.Release|x64.ActiveCfg = Release|Any CPU
		{15DCD2AD-5D5C-4696-B81A-F641762364FF}.Release|x64.Build.0 = Release|Any CPU
		{15DCD2AD-5D5C-4696-B81A-F641762364FF}.Release|x86.ActiveCfg = Release|Any CPU
		{15DCD2AD-5D5C-4696-B81A-F641762364FF}.Release|x86.Build.0 = Release|Any CPU
		{CAFE53C8-E332-4F53-AEC3-351B537DDF94}.Debug|Any CPU.ActiveCfg = Debug|Any CPU
		{CAFE53C8-E332-4F53-AEC3-351B537DDF94}.Debug|Any CPU.Build.0 = Debug|Any CPU
		{CAFE53C8-E332-4F53-AEC3-351B537DDF94}.Debug|x64.ActiveCfg = Debug|Any CPU
		{CAFE53C8-E332-4F53-AEC3-351B537DDF94}.Debug|x64.Build.0 = Debug|Any CPU
		{CAFE53C8-E332-4F53-AEC3-351B537DDF94}.Debug|x86.ActiveCfg = Debug|Any CPU
		{CAFE53C8-E332-4F53-AEC3-351B537DDF94}.Debug|x86.Build.0 = Debug|Any CPU
		{CAFE53C8-E332-4F53-AEC3-351B537DDF94}.Release|Any CPU.ActiveCfg = Release|Any CPU
		{CAFE53C8-E332-4F53-AEC3-351B537DDF94}.Release|Any CPU.Build.0 = Release|Any CPU
		{CAFE53C8-E332-4F53-AEC3-351B537DDF94}.Release|x64.ActiveCfg = Release|Any CPU
		{CAFE53C8-E332-4F53-AEC3-351B537DDF94}.Release|x64.Build.0 = Release|Any CPU
		{CAFE53C8-E332-4F53-AEC3-351B537DDF94}.Release|x86.ActiveCfg = Release|Any CPU
		{CAFE53C8-E332-4F53-AEC3-351B537DDF94}.Release|x86.Build.0 = Release|Any CPU
		{4EF4966F-F492-40D5-8359-2AF69D32A244}.Debug|Any CPU.ActiveCfg = Debug|Any CPU
		{4EF4966F-F492-40D5-8359-2AF69D32A244}.Debug|Any CPU.Build.0 = Debug|Any CPU
		{4EF4966F-F492-40D5-8359-2AF69D32A244}.Debug|x64.ActiveCfg = Debug|Any CPU
		{4EF4966F-F492-40D5-8359-2AF69D32A244}.Debug|x64.Build.0 = Debug|Any CPU
		{4EF4966F-F492-40D5-8359-2AF69D32A244}.Debug|x86.ActiveCfg = Debug|Any CPU
		{4EF4966F-F492-40D5-8359-2AF69D32A244}.Debug|x86.Build.0 = Debug|Any CPU
		{4EF4966F-F492-40D5-8359-2AF69D32A244}.Release|Any CPU.ActiveCfg = Release|Any CPU
		{4EF4966F-F492-40D5-8359-2AF69D32A244}.Release|Any CPU.Build.0 = Release|Any CPU
		{4EF4966F-F492-40D5-8359-2AF69D32A244}.Release|x64.ActiveCfg = Release|Any CPU
		{4EF4966F-F492-40D5-8359-2AF69D32A244}.Release|x64.Build.0 = Release|Any CPU
		{4EF4966F-F492-40D5-8359-2AF69D32A244}.Release|x86.ActiveCfg = Release|Any CPU
		{4EF4966F-F492-40D5-8359-2AF69D32A244}.Release|x86.Build.0 = Release|Any CPU
		{381A7FE5-DEEA-46D8-828D-2157425EDB20}.Debug|Any CPU.ActiveCfg = Debug|Any CPU
		{381A7FE5-DEEA-46D8-828D-2157425EDB20}.Debug|Any CPU.Build.0 = Debug|Any CPU
		{381A7FE5-DEEA-46D8-828D-2157425EDB20}.Debug|x64.ActiveCfg = Debug|Any CPU
		{381A7FE5-DEEA-46D8-828D-2157425EDB20}.Debug|x64.Build.0 = Debug|Any CPU
		{381A7FE5-DEEA-46D8-828D-2157425EDB20}.Debug|x86.ActiveCfg = Debug|Any CPU
		{381A7FE5-DEEA-46D8-828D-2157425EDB20}.Debug|x86.Build.0 = Debug|Any CPU
		{381A7FE5-DEEA-46D8-828D-2157425EDB20}.Release|Any CPU.ActiveCfg = Release|Any CPU
		{381A7FE5-DEEA-46D8-828D-2157425EDB20}.Release|Any CPU.Build.0 = Release|Any CPU
		{381A7FE5-DEEA-46D8-828D-2157425EDB20}.Release|x64.ActiveCfg = Release|Any CPU
		{381A7FE5-DEEA-46D8-828D-2157425EDB20}.Release|x64.Build.0 = Release|Any CPU
		{381A7FE5-DEEA-46D8-828D-2157425EDB20}.Release|x86.ActiveCfg = Release|Any CPU
		{381A7FE5-DEEA-46D8-828D-2157425EDB20}.Release|x86.Build.0 = Release|Any CPU
		{F9588CBA-3539-4F5B-AD3C-2DFBB61BDD5C}.Debug|Any CPU.ActiveCfg = Debug|Any CPU
		{F9588CBA-3539-4F5B-AD3C-2DFBB61BDD5C}.Debug|Any CPU.Build.0 = Debug|Any CPU
		{F9588CBA-3539-4F5B-AD3C-2DFBB61BDD5C}.Debug|x64.ActiveCfg = Debug|Any CPU
		{F9588CBA-3539-4F5B-AD3C-2DFBB61BDD5C}.Debug|x64.Build.0 = Debug|Any CPU
		{F9588CBA-3539-4F5B-AD3C-2DFBB61BDD5C}.Debug|x86.ActiveCfg = Debug|Any CPU
		{F9588CBA-3539-4F5B-AD3C-2DFBB61BDD5C}.Debug|x86.Build.0 = Debug|Any CPU
		{F9588CBA-3539-4F5B-AD3C-2DFBB61BDD5C}.Release|Any CPU.ActiveCfg = Release|Any CPU
		{F9588CBA-3539-4F5B-AD3C-2DFBB61BDD5C}.Release|Any CPU.Build.0 = Release|Any CPU
		{F9588CBA-3539-4F5B-AD3C-2DFBB61BDD5C}.Release|x64.ActiveCfg = Release|Any CPU
		{F9588CBA-3539-4F5B-AD3C-2DFBB61BDD5C}.Release|x64.Build.0 = Release|Any CPU
		{F9588CBA-3539-4F5B-AD3C-2DFBB61BDD5C}.Release|x86.ActiveCfg = Release|Any CPU
		{F9588CBA-3539-4F5B-AD3C-2DFBB61BDD5C}.Release|x86.Build.0 = Release|Any CPU
		{B2062001-1673-4782-BB89-61D408B5A8B7}.Debug|Any CPU.ActiveCfg = Debug|Any CPU
		{B2062001-1673-4782-BB89-61D408B5A8B7}.Debug|Any CPU.Build.0 = Debug|Any CPU
		{B2062001-1673-4782-BB89-61D408B5A8B7}.Debug|x64.ActiveCfg = Debug|Any CPU
		{B2062001-1673-4782-BB89-61D408B5A8B7}.Debug|x64.Build.0 = Debug|Any CPU
		{B2062001-1673-4782-BB89-61D408B5A8B7}.Debug|x86.ActiveCfg = Debug|Any CPU
		{B2062001-1673-4782-BB89-61D408B5A8B7}.Debug|x86.Build.0 = Debug|Any CPU
		{B2062001-1673-4782-BB89-61D408B5A8B7}.Release|Any CPU.ActiveCfg = Release|Any CPU
		{B2062001-1673-4782-BB89-61D408B5A8B7}.Release|Any CPU.Build.0 = Release|Any CPU
		{B2062001-1673-4782-BB89-61D408B5A8B7}.Release|x64.ActiveCfg = Release|Any CPU
		{B2062001-1673-4782-BB89-61D408B5A8B7}.Release|x64.Build.0 = Release|Any CPU
		{B2062001-1673-4782-BB89-61D408B5A8B7}.Release|x86.ActiveCfg = Release|Any CPU
		{B2062001-1673-4782-BB89-61D408B5A8B7}.Release|x86.Build.0 = Release|Any CPU
		{43CAFC6B-2D86-4D1C-A02D-F67A76890DF5}.Debug|Any CPU.ActiveCfg = Debug|Any CPU
		{43CAFC6B-2D86-4D1C-A02D-F67A76890DF5}.Debug|Any CPU.Build.0 = Debug|Any CPU
		{43CAFC6B-2D86-4D1C-A02D-F67A76890DF5}.Debug|x64.ActiveCfg = Debug|Any CPU
		{43CAFC6B-2D86-4D1C-A02D-F67A76890DF5}.Debug|x64.Build.0 = Debug|Any CPU
		{43CAFC6B-2D86-4D1C-A02D-F67A76890DF5}.Debug|x86.ActiveCfg = Debug|Any CPU
		{43CAFC6B-2D86-4D1C-A02D-F67A76890DF5}.Debug|x86.Build.0 = Debug|Any CPU
		{43CAFC6B-2D86-4D1C-A02D-F67A76890DF5}.Release|Any CPU.ActiveCfg = Release|Any CPU
		{43CAFC6B-2D86-4D1C-A02D-F67A76890DF5}.Release|Any CPU.Build.0 = Release|Any CPU
		{43CAFC6B-2D86-4D1C-A02D-F67A76890DF5}.Release|x64.ActiveCfg = Release|Any CPU
		{43CAFC6B-2D86-4D1C-A02D-F67A76890DF5}.Release|x64.Build.0 = Release|Any CPU
		{43CAFC6B-2D86-4D1C-A02D-F67A76890DF5}.Release|x86.ActiveCfg = Release|Any CPU
		{43CAFC6B-2D86-4D1C-A02D-F67A76890DF5}.Release|x86.Build.0 = Release|Any CPU
		{9E599A46-005D-4002-9C54-E025F882FB0F}.Debug|Any CPU.ActiveCfg = Debug|Any CPU
		{9E599A46-005D-4002-9C54-E025F882FB0F}.Debug|Any CPU.Build.0 = Debug|Any CPU
		{9E599A46-005D-4002-9C54-E025F882FB0F}.Debug|x64.ActiveCfg = Debug|Any CPU
		{9E599A46-005D-4002-9C54-E025F882FB0F}.Debug|x64.Build.0 = Debug|Any CPU
		{9E599A46-005D-4002-9C54-E025F882FB0F}.Debug|x86.ActiveCfg = Debug|Any CPU
		{9E599A46-005D-4002-9C54-E025F882FB0F}.Debug|x86.Build.0 = Debug|Any CPU
		{9E599A46-005D-4002-9C54-E025F882FB0F}.Release|Any CPU.ActiveCfg = Release|Any CPU
		{9E599A46-005D-4002-9C54-E025F882FB0F}.Release|Any CPU.Build.0 = Release|Any CPU
		{9E599A46-005D-4002-9C54-E025F882FB0F}.Release|x64.ActiveCfg = Release|Any CPU
		{9E599A46-005D-4002-9C54-E025F882FB0F}.Release|x64.Build.0 = Release|Any CPU
		{9E599A46-005D-4002-9C54-E025F882FB0F}.Release|x86.ActiveCfg = Release|Any CPU
		{9E599A46-005D-4002-9C54-E025F882FB0F}.Release|x86.Build.0 = Release|Any CPU
		{2DC360B3-9A26-4E31-BD1D-CE6C0BD95BE7}.Debug|Any CPU.ActiveCfg = Debug|Any CPU
		{2DC360B3-9A26-4E31-BD1D-CE6C0BD95BE7}.Debug|Any CPU.Build.0 = Debug|Any CPU
		{2DC360B3-9A26-4E31-BD1D-CE6C0BD95BE7}.Debug|x64.ActiveCfg = Debug|Any CPU
		{2DC360B3-9A26-4E31-BD1D-CE6C0BD95BE7}.Debug|x64.Build.0 = Debug|Any CPU
		{2DC360B3-9A26-4E31-BD1D-CE6C0BD95BE7}.Debug|x86.ActiveCfg = Debug|Any CPU
		{2DC360B3-9A26-4E31-BD1D-CE6C0BD95BE7}.Debug|x86.Build.0 = Debug|Any CPU
		{2DC360B3-9A26-4E31-BD1D-CE6C0BD95BE7}.Release|Any CPU.ActiveCfg = Release|Any CPU
		{2DC360B3-9A26-4E31-BD1D-CE6C0BD95BE7}.Release|Any CPU.Build.0 = Release|Any CPU
		{2DC360B3-9A26-4E31-BD1D-CE6C0BD95BE7}.Release|x64.ActiveCfg = Release|Any CPU
		{2DC360B3-9A26-4E31-BD1D-CE6C0BD95BE7}.Release|x64.Build.0 = Release|Any CPU
		{2DC360B3-9A26-4E31-BD1D-CE6C0BD95BE7}.Release|x86.ActiveCfg = Release|Any CPU
		{2DC360B3-9A26-4E31-BD1D-CE6C0BD95BE7}.Release|x86.Build.0 = Release|Any CPU
		{4F329341-5397-4485-9240-A73E9F324710}.Debug|Any CPU.ActiveCfg = Debug|Any CPU
		{4F329341-5397-4485-9240-A73E9F324710}.Debug|Any CPU.Build.0 = Debug|Any CPU
		{4F329341-5397-4485-9240-A73E9F324710}.Debug|x64.ActiveCfg = Debug|Any CPU
		{4F329341-5397-4485-9240-A73E9F324710}.Debug|x64.Build.0 = Debug|Any CPU
		{4F329341-5397-4485-9240-A73E9F324710}.Debug|x86.ActiveCfg = Debug|Any CPU
		{4F329341-5397-4485-9240-A73E9F324710}.Debug|x86.Build.0 = Debug|Any CPU
		{4F329341-5397-4485-9240-A73E9F324710}.Release|Any CPU.ActiveCfg = Release|Any CPU
		{4F329341-5397-4485-9240-A73E9F324710}.Release|Any CPU.Build.0 = Release|Any CPU
		{4F329341-5397-4485-9240-A73E9F324710}.Release|x64.ActiveCfg = Release|Any CPU
		{4F329341-5397-4485-9240-A73E9F324710}.Release|x64.Build.0 = Release|Any CPU
		{4F329341-5397-4485-9240-A73E9F324710}.Release|x86.ActiveCfg = Release|Any CPU
		{4F329341-5397-4485-9240-A73E9F324710}.Release|x86.Build.0 = Release|Any CPU
		{8D02DAC3-89D2-40C5-9BE8-36115C1766B2}.Debug|Any CPU.ActiveCfg = Debug|Any CPU
		{8D02DAC3-89D2-40C5-9BE8-36115C1766B2}.Debug|Any CPU.Build.0 = Debug|Any CPU
		{8D02DAC3-89D2-40C5-9BE8-36115C1766B2}.Debug|x64.ActiveCfg = Debug|Any CPU
		{8D02DAC3-89D2-40C5-9BE8-36115C1766B2}.Debug|x64.Build.0 = Debug|Any CPU
		{8D02DAC3-89D2-40C5-9BE8-36115C1766B2}.Debug|x86.ActiveCfg = Debug|Any CPU
		{8D02DAC3-89D2-40C5-9BE8-36115C1766B2}.Debug|x86.Build.0 = Debug|Any CPU
		{8D02DAC3-89D2-40C5-9BE8-36115C1766B2}.Release|Any CPU.ActiveCfg = Release|Any CPU
		{8D02DAC3-89D2-40C5-9BE8-36115C1766B2}.Release|Any CPU.Build.0 = Release|Any CPU
		{8D02DAC3-89D2-40C5-9BE8-36115C1766B2}.Release|x64.ActiveCfg = Release|Any CPU
		{8D02DAC3-89D2-40C5-9BE8-36115C1766B2}.Release|x64.Build.0 = Release|Any CPU
		{8D02DAC3-89D2-40C5-9BE8-36115C1766B2}.Release|x86.ActiveCfg = Release|Any CPU
		{8D02DAC3-89D2-40C5-9BE8-36115C1766B2}.Release|x86.Build.0 = Release|Any CPU
		{09BC9780-762F-4522-8B57-870055C13BEF}.Debug|Any CPU.ActiveCfg = Debug|Any CPU
		{09BC9780-762F-4522-8B57-870055C13BEF}.Debug|Any CPU.Build.0 = Debug|Any CPU
		{09BC9780-762F-4522-8B57-870055C13BEF}.Debug|x64.ActiveCfg = Debug|Any CPU
		{09BC9780-762F-4522-8B57-870055C13BEF}.Debug|x64.Build.0 = Debug|Any CPU
		{09BC9780-762F-4522-8B57-870055C13BEF}.Debug|x86.ActiveCfg = Debug|Any CPU
		{09BC9780-762F-4522-8B57-870055C13BEF}.Debug|x86.Build.0 = Debug|Any CPU
		{09BC9780-762F-4522-8B57-870055C13BEF}.Release|Any CPU.ActiveCfg = Release|Any CPU
		{09BC9780-762F-4522-8B57-870055C13BEF}.Release|Any CPU.Build.0 = Release|Any CPU
		{09BC9780-762F-4522-8B57-870055C13BEF}.Release|x64.ActiveCfg = Release|Any CPU
		{09BC9780-762F-4522-8B57-870055C13BEF}.Release|x64.Build.0 = Release|Any CPU
		{09BC9780-762F-4522-8B57-870055C13BEF}.Release|x86.ActiveCfg = Release|Any CPU
		{09BC9780-762F-4522-8B57-870055C13BEF}.Release|x86.Build.0 = Release|Any CPU
		{AFD87E8F-A9C8-4A0C-8685-37852F6D66F3}.Debug|Any CPU.ActiveCfg = Debug|Any CPU
		{AFD87E8F-A9C8-4A0C-8685-37852F6D66F3}.Debug|Any CPU.Build.0 = Debug|Any CPU
		{AFD87E8F-A9C8-4A0C-8685-37852F6D66F3}.Debug|x64.ActiveCfg = Debug|Any CPU
		{AFD87E8F-A9C8-4A0C-8685-37852F6D66F3}.Debug|x64.Build.0 = Debug|Any CPU
		{AFD87E8F-A9C8-4A0C-8685-37852F6D66F3}.Debug|x86.ActiveCfg = Debug|Any CPU
		{AFD87E8F-A9C8-4A0C-8685-37852F6D66F3}.Debug|x86.Build.0 = Debug|Any CPU
		{AFD87E8F-A9C8-4A0C-8685-37852F6D66F3}.Release|Any CPU.ActiveCfg = Release|Any CPU
		{AFD87E8F-A9C8-4A0C-8685-37852F6D66F3}.Release|Any CPU.Build.0 = Release|Any CPU
		{AFD87E8F-A9C8-4A0C-8685-37852F6D66F3}.Release|x64.ActiveCfg = Release|Any CPU
		{AFD87E8F-A9C8-4A0C-8685-37852F6D66F3}.Release|x64.Build.0 = Release|Any CPU
		{AFD87E8F-A9C8-4A0C-8685-37852F6D66F3}.Release|x86.ActiveCfg = Release|Any CPU
		{AFD87E8F-A9C8-4A0C-8685-37852F6D66F3}.Release|x86.Build.0 = Release|Any CPU
		{55C16989-C47B-4257-83F6-CD42B00FE635}.Debug|Any CPU.ActiveCfg = Debug|Any CPU
		{55C16989-C47B-4257-83F6-CD42B00FE635}.Debug|Any CPU.Build.0 = Debug|Any CPU
		{55C16989-C47B-4257-83F6-CD42B00FE635}.Debug|x64.ActiveCfg = Debug|Any CPU
		{55C16989-C47B-4257-83F6-CD42B00FE635}.Debug|x64.Build.0 = Debug|Any CPU
		{55C16989-C47B-4257-83F6-CD42B00FE635}.Debug|x86.ActiveCfg = Debug|Any CPU
		{55C16989-C47B-4257-83F6-CD42B00FE635}.Debug|x86.Build.0 = Debug|Any CPU
		{55C16989-C47B-4257-83F6-CD42B00FE635}.Release|Any CPU.ActiveCfg = Release|Any CPU
		{55C16989-C47B-4257-83F6-CD42B00FE635}.Release|Any CPU.Build.0 = Release|Any CPU
		{55C16989-C47B-4257-83F6-CD42B00FE635}.Release|x64.ActiveCfg = Release|Any CPU
		{55C16989-C47B-4257-83F6-CD42B00FE635}.Release|x64.Build.0 = Release|Any CPU
		{55C16989-C47B-4257-83F6-CD42B00FE635}.Release|x86.ActiveCfg = Release|Any CPU
		{55C16989-C47B-4257-83F6-CD42B00FE635}.Release|x86.Build.0 = Release|Any CPU
		{0EB873A9-22A3-42D8-881F-CFDBE18B07E1}.Debug|Any CPU.ActiveCfg = Debug|Any CPU
		{0EB873A9-22A3-42D8-881F-CFDBE18B07E1}.Debug|Any CPU.Build.0 = Debug|Any CPU
		{0EB873A9-22A3-42D8-881F-CFDBE18B07E1}.Debug|x64.ActiveCfg = Debug|Any CPU
		{0EB873A9-22A3-42D8-881F-CFDBE18B07E1}.Debug|x64.Build.0 = Debug|Any CPU
		{0EB873A9-22A3-42D8-881F-CFDBE18B07E1}.Debug|x86.ActiveCfg = Debug|Any CPU
		{0EB873A9-22A3-42D8-881F-CFDBE18B07E1}.Debug|x86.Build.0 = Debug|Any CPU
		{0EB873A9-22A3-42D8-881F-CFDBE18B07E1}.Release|Any CPU.ActiveCfg = Release|Any CPU
		{0EB873A9-22A3-42D8-881F-CFDBE18B07E1}.Release|Any CPU.Build.0 = Release|Any CPU
		{0EB873A9-22A3-42D8-881F-CFDBE18B07E1}.Release|x64.ActiveCfg = Release|Any CPU
		{0EB873A9-22A3-42D8-881F-CFDBE18B07E1}.Release|x64.Build.0 = Release|Any CPU
		{0EB873A9-22A3-42D8-881F-CFDBE18B07E1}.Release|x86.ActiveCfg = Release|Any CPU
		{0EB873A9-22A3-42D8-881F-CFDBE18B07E1}.Release|x86.Build.0 = Release|Any CPU
		{91BA7078-6A6F-4535-B10E-8738EA78F87A}.Debug|Any CPU.ActiveCfg = Debug|Any CPU
		{91BA7078-6A6F-4535-B10E-8738EA78F87A}.Debug|Any CPU.Build.0 = Debug|Any CPU
		{91BA7078-6A6F-4535-B10E-8738EA78F87A}.Debug|x64.ActiveCfg = Debug|Any CPU
		{91BA7078-6A6F-4535-B10E-8738EA78F87A}.Debug|x64.Build.0 = Debug|Any CPU
		{91BA7078-6A6F-4535-B10E-8738EA78F87A}.Debug|x86.ActiveCfg = Debug|Any CPU
		{91BA7078-6A6F-4535-B10E-8738EA78F87A}.Debug|x86.Build.0 = Debug|Any CPU
		{91BA7078-6A6F-4535-B10E-8738EA78F87A}.Release|Any CPU.ActiveCfg = Release|Any CPU
		{91BA7078-6A6F-4535-B10E-8738EA78F87A}.Release|Any CPU.Build.0 = Release|Any CPU
		{91BA7078-6A6F-4535-B10E-8738EA78F87A}.Release|x64.ActiveCfg = Release|Any CPU
		{91BA7078-6A6F-4535-B10E-8738EA78F87A}.Release|x64.Build.0 = Release|Any CPU
		{91BA7078-6A6F-4535-B10E-8738EA78F87A}.Release|x86.ActiveCfg = Release|Any CPU
		{91BA7078-6A6F-4535-B10E-8738EA78F87A}.Release|x86.Build.0 = Release|Any CPU
		{3EDF49F2-4714-490B-9E37-0192A2D1808D}.Debug|Any CPU.ActiveCfg = Debug|Any CPU
		{3EDF49F2-4714-490B-9E37-0192A2D1808D}.Debug|Any CPU.Build.0 = Debug|Any CPU
		{3EDF49F2-4714-490B-9E37-0192A2D1808D}.Debug|x64.ActiveCfg = Debug|Any CPU
		{3EDF49F2-4714-490B-9E37-0192A2D1808D}.Debug|x64.Build.0 = Debug|Any CPU
		{3EDF49F2-4714-490B-9E37-0192A2D1808D}.Debug|x86.ActiveCfg = Debug|Any CPU
		{3EDF49F2-4714-490B-9E37-0192A2D1808D}.Debug|x86.Build.0 = Debug|Any CPU
		{3EDF49F2-4714-490B-9E37-0192A2D1808D}.Release|Any CPU.ActiveCfg = Release|Any CPU
		{3EDF49F2-4714-490B-9E37-0192A2D1808D}.Release|Any CPU.Build.0 = Release|Any CPU
		{3EDF49F2-4714-490B-9E37-0192A2D1808D}.Release|x64.ActiveCfg = Release|Any CPU
		{3EDF49F2-4714-490B-9E37-0192A2D1808D}.Release|x64.Build.0 = Release|Any CPU
		{3EDF49F2-4714-490B-9E37-0192A2D1808D}.Release|x86.ActiveCfg = Release|Any CPU
		{3EDF49F2-4714-490B-9E37-0192A2D1808D}.Release|x86.Build.0 = Release|Any CPU
		{F99EB154-13EB-4A95-B4FB-737366937F06}.Debug|Any CPU.ActiveCfg = Debug|Any CPU
		{F99EB154-13EB-4A95-B4FB-737366937F06}.Debug|Any CPU.Build.0 = Debug|Any CPU
		{F99EB154-13EB-4A95-B4FB-737366937F06}.Debug|x64.ActiveCfg = Debug|Any CPU
		{F99EB154-13EB-4A95-B4FB-737366937F06}.Debug|x64.Build.0 = Debug|Any CPU
		{F99EB154-13EB-4A95-B4FB-737366937F06}.Debug|x86.ActiveCfg = Debug|Any CPU
		{F99EB154-13EB-4A95-B4FB-737366937F06}.Debug|x86.Build.0 = Debug|Any CPU
		{F99EB154-13EB-4A95-B4FB-737366937F06}.Release|Any CPU.ActiveCfg = Release|Any CPU
		{F99EB154-13EB-4A95-B4FB-737366937F06}.Release|Any CPU.Build.0 = Release|Any CPU
		{F99EB154-13EB-4A95-B4FB-737366937F06}.Release|x64.ActiveCfg = Release|Any CPU
		{F99EB154-13EB-4A95-B4FB-737366937F06}.Release|x64.Build.0 = Release|Any CPU
		{F99EB154-13EB-4A95-B4FB-737366937F06}.Release|x86.ActiveCfg = Release|Any CPU
		{F99EB154-13EB-4A95-B4FB-737366937F06}.Release|x86.Build.0 = Release|Any CPU
		{A6695E6B-2784-4894-9D5A-B73EBF15CC50}.Debug|Any CPU.ActiveCfg = Debug|Any CPU
		{A6695E6B-2784-4894-9D5A-B73EBF15CC50}.Debug|Any CPU.Build.0 = Debug|Any CPU
		{A6695E6B-2784-4894-9D5A-B73EBF15CC50}.Debug|x64.ActiveCfg = Debug|Any CPU
		{A6695E6B-2784-4894-9D5A-B73EBF15CC50}.Debug|x64.Build.0 = Debug|Any CPU
		{A6695E6B-2784-4894-9D5A-B73EBF15CC50}.Debug|x86.ActiveCfg = Debug|Any CPU
		{A6695E6B-2784-4894-9D5A-B73EBF15CC50}.Debug|x86.Build.0 = Debug|Any CPU
		{A6695E6B-2784-4894-9D5A-B73EBF15CC50}.Release|Any CPU.ActiveCfg = Release|Any CPU
		{A6695E6B-2784-4894-9D5A-B73EBF15CC50}.Release|Any CPU.Build.0 = Release|Any CPU
		{A6695E6B-2784-4894-9D5A-B73EBF15CC50}.Release|x64.ActiveCfg = Release|Any CPU
		{A6695E6B-2784-4894-9D5A-B73EBF15CC50}.Release|x64.Build.0 = Release|Any CPU
		{A6695E6B-2784-4894-9D5A-B73EBF15CC50}.Release|x86.ActiveCfg = Release|Any CPU
		{A6695E6B-2784-4894-9D5A-B73EBF15CC50}.Release|x86.Build.0 = Release|Any CPU
		{ADB17332-30BA-493C-92B8-7545DE4D3C2D}.Debug|Any CPU.ActiveCfg = Debug|Any CPU
		{ADB17332-30BA-493C-92B8-7545DE4D3C2D}.Debug|Any CPU.Build.0 = Debug|Any CPU
		{ADB17332-30BA-493C-92B8-7545DE4D3C2D}.Debug|x64.ActiveCfg = Debug|Any CPU
		{ADB17332-30BA-493C-92B8-7545DE4D3C2D}.Debug|x64.Build.0 = Debug|Any CPU
		{ADB17332-30BA-493C-92B8-7545DE4D3C2D}.Debug|x86.ActiveCfg = Debug|Any CPU
		{ADB17332-30BA-493C-92B8-7545DE4D3C2D}.Debug|x86.Build.0 = Debug|Any CPU
		{ADB17332-30BA-493C-92B8-7545DE4D3C2D}.Release|Any CPU.ActiveCfg = Release|Any CPU
		{ADB17332-30BA-493C-92B8-7545DE4D3C2D}.Release|Any CPU.Build.0 = Release|Any CPU
		{ADB17332-30BA-493C-92B8-7545DE4D3C2D}.Release|x64.ActiveCfg = Release|Any CPU
		{ADB17332-30BA-493C-92B8-7545DE4D3C2D}.Release|x64.Build.0 = Release|Any CPU
		{ADB17332-30BA-493C-92B8-7545DE4D3C2D}.Release|x86.ActiveCfg = Release|Any CPU
		{ADB17332-30BA-493C-92B8-7545DE4D3C2D}.Release|x86.Build.0 = Release|Any CPU
		{950CF8BA-3B41-4251-BAF4-2B0256E66E2E}.Debug|Any CPU.ActiveCfg = Debug|Any CPU
		{950CF8BA-3B41-4251-BAF4-2B0256E66E2E}.Debug|Any CPU.Build.0 = Debug|Any CPU
		{950CF8BA-3B41-4251-BAF4-2B0256E66E2E}.Debug|x64.ActiveCfg = Debug|Any CPU
		{950CF8BA-3B41-4251-BAF4-2B0256E66E2E}.Debug|x64.Build.0 = Debug|Any CPU
		{950CF8BA-3B41-4251-BAF4-2B0256E66E2E}.Debug|x86.ActiveCfg = Debug|Any CPU
		{950CF8BA-3B41-4251-BAF4-2B0256E66E2E}.Debug|x86.Build.0 = Debug|Any CPU
		{950CF8BA-3B41-4251-BAF4-2B0256E66E2E}.Release|Any CPU.ActiveCfg = Release|Any CPU
		{950CF8BA-3B41-4251-BAF4-2B0256E66E2E}.Release|Any CPU.Build.0 = Release|Any CPU
		{950CF8BA-3B41-4251-BAF4-2B0256E66E2E}.Release|x64.ActiveCfg = Release|Any CPU
		{950CF8BA-3B41-4251-BAF4-2B0256E66E2E}.Release|x64.Build.0 = Release|Any CPU
		{950CF8BA-3B41-4251-BAF4-2B0256E66E2E}.Release|x86.ActiveCfg = Release|Any CPU
		{950CF8BA-3B41-4251-BAF4-2B0256E66E2E}.Release|x86.Build.0 = Release|Any CPU
		{FF19D679-8611-4D88-8C3A-4C3D8ACC1729}.Debug|Any CPU.ActiveCfg = Debug|Any CPU
		{FF19D679-8611-4D88-8C3A-4C3D8ACC1729}.Debug|Any CPU.Build.0 = Debug|Any CPU
		{FF19D679-8611-4D88-8C3A-4C3D8ACC1729}.Debug|x64.ActiveCfg = Debug|Any CPU
		{FF19D679-8611-4D88-8C3A-4C3D8ACC1729}.Debug|x64.Build.0 = Debug|Any CPU
		{FF19D679-8611-4D88-8C3A-4C3D8ACC1729}.Debug|x86.ActiveCfg = Debug|Any CPU
		{FF19D679-8611-4D88-8C3A-4C3D8ACC1729}.Debug|x86.Build.0 = Debug|Any CPU
		{FF19D679-8611-4D88-8C3A-4C3D8ACC1729}.Release|Any CPU.ActiveCfg = Release|Any CPU
		{FF19D679-8611-4D88-8C3A-4C3D8ACC1729}.Release|Any CPU.Build.0 = Release|Any CPU
		{FF19D679-8611-4D88-8C3A-4C3D8ACC1729}.Release|x64.ActiveCfg = Release|Any CPU
		{FF19D679-8611-4D88-8C3A-4C3D8ACC1729}.Release|x64.Build.0 = Release|Any CPU
		{FF19D679-8611-4D88-8C3A-4C3D8ACC1729}.Release|x86.ActiveCfg = Release|Any CPU
		{FF19D679-8611-4D88-8C3A-4C3D8ACC1729}.Release|x86.Build.0 = Release|Any CPU
		{FDE38BC4-2CCE-4244-8F12-B7B13FBE833A}.Debug|Any CPU.ActiveCfg = Debug|Any CPU
		{FDE38BC4-2CCE-4244-8F12-B7B13FBE833A}.Debug|Any CPU.Build.0 = Debug|Any CPU
		{FDE38BC4-2CCE-4244-8F12-B7B13FBE833A}.Debug|x64.ActiveCfg = Debug|Any CPU
		{FDE38BC4-2CCE-4244-8F12-B7B13FBE833A}.Debug|x64.Build.0 = Debug|Any CPU
		{FDE38BC4-2CCE-4244-8F12-B7B13FBE833A}.Debug|x86.ActiveCfg = Debug|Any CPU
		{FDE38BC4-2CCE-4244-8F12-B7B13FBE833A}.Debug|x86.Build.0 = Debug|Any CPU
		{FDE38BC4-2CCE-4244-8F12-B7B13FBE833A}.Release|Any CPU.ActiveCfg = Release|Any CPU
		{FDE38BC4-2CCE-4244-8F12-B7B13FBE833A}.Release|Any CPU.Build.0 = Release|Any CPU
		{FDE38BC4-2CCE-4244-8F12-B7B13FBE833A}.Release|x64.ActiveCfg = Release|Any CPU
		{FDE38BC4-2CCE-4244-8F12-B7B13FBE833A}.Release|x64.Build.0 = Release|Any CPU
		{FDE38BC4-2CCE-4244-8F12-B7B13FBE833A}.Release|x86.ActiveCfg = Release|Any CPU
		{FDE38BC4-2CCE-4244-8F12-B7B13FBE833A}.Release|x86.Build.0 = Release|Any CPU
		{22FCA38C-0CD7-4D66-B428-12C87ABA7D51}.Debug|Any CPU.ActiveCfg = Debug|Any CPU
		{22FCA38C-0CD7-4D66-B428-12C87ABA7D51}.Debug|Any CPU.Build.0 = Debug|Any CPU
		{22FCA38C-0CD7-4D66-B428-12C87ABA7D51}.Debug|x64.ActiveCfg = Debug|Any CPU
		{22FCA38C-0CD7-4D66-B428-12C87ABA7D51}.Debug|x64.Build.0 = Debug|Any CPU
		{22FCA38C-0CD7-4D66-B428-12C87ABA7D51}.Debug|x86.ActiveCfg = Debug|Any CPU
		{22FCA38C-0CD7-4D66-B428-12C87ABA7D51}.Debug|x86.Build.0 = Debug|Any CPU
		{22FCA38C-0CD7-4D66-B428-12C87ABA7D51}.Release|Any CPU.ActiveCfg = Release|Any CPU
		{22FCA38C-0CD7-4D66-B428-12C87ABA7D51}.Release|Any CPU.Build.0 = Release|Any CPU
		{22FCA38C-0CD7-4D66-B428-12C87ABA7D51}.Release|x64.ActiveCfg = Release|Any CPU
		{22FCA38C-0CD7-4D66-B428-12C87ABA7D51}.Release|x64.Build.0 = Release|Any CPU
		{22FCA38C-0CD7-4D66-B428-12C87ABA7D51}.Release|x86.ActiveCfg = Release|Any CPU
		{22FCA38C-0CD7-4D66-B428-12C87ABA7D51}.Release|x86.Build.0 = Release|Any CPU
		{5CBEDCA9-E343-46A7-8B5D-AF693A95E2AE}.Debug|Any CPU.ActiveCfg = Debug|Any CPU
		{5CBEDCA9-E343-46A7-8B5D-AF693A95E2AE}.Debug|Any CPU.Build.0 = Debug|Any CPU
		{5CBEDCA9-E343-46A7-8B5D-AF693A95E2AE}.Debug|x64.ActiveCfg = Debug|Any CPU
		{5CBEDCA9-E343-46A7-8B5D-AF693A95E2AE}.Debug|x64.Build.0 = Debug|Any CPU
		{5CBEDCA9-E343-46A7-8B5D-AF693A95E2AE}.Debug|x86.ActiveCfg = Debug|Any CPU
		{5CBEDCA9-E343-46A7-8B5D-AF693A95E2AE}.Debug|x86.Build.0 = Debug|Any CPU
		{5CBEDCA9-E343-46A7-8B5D-AF693A95E2AE}.Release|Any CPU.ActiveCfg = Release|Any CPU
		{5CBEDCA9-E343-46A7-8B5D-AF693A95E2AE}.Release|Any CPU.Build.0 = Release|Any CPU
		{5CBEDCA9-E343-46A7-8B5D-AF693A95E2AE}.Release|x64.ActiveCfg = Release|Any CPU
		{5CBEDCA9-E343-46A7-8B5D-AF693A95E2AE}.Release|x64.Build.0 = Release|Any CPU
		{5CBEDCA9-E343-46A7-8B5D-AF693A95E2AE}.Release|x86.ActiveCfg = Release|Any CPU
		{5CBEDCA9-E343-46A7-8B5D-AF693A95E2AE}.Release|x86.Build.0 = Release|Any CPU
		{DA211DE5-F42C-47B0-9264-D036559477F6}.Debug|Any CPU.ActiveCfg = Debug|Any CPU
		{DA211DE5-F42C-47B0-9264-D036559477F6}.Debug|Any CPU.Build.0 = Debug|Any CPU
		{DA211DE5-F42C-47B0-9264-D036559477F6}.Debug|x64.ActiveCfg = Debug|Any CPU
		{DA211DE5-F42C-47B0-9264-D036559477F6}.Debug|x64.Build.0 = Debug|Any CPU
		{DA211DE5-F42C-47B0-9264-D036559477F6}.Debug|x86.ActiveCfg = Debug|Any CPU
		{DA211DE5-F42C-47B0-9264-D036559477F6}.Debug|x86.Build.0 = Debug|Any CPU
		{DA211DE5-F42C-47B0-9264-D036559477F6}.Release|Any CPU.ActiveCfg = Release|Any CPU
		{DA211DE5-F42C-47B0-9264-D036559477F6}.Release|Any CPU.Build.0 = Release|Any CPU
		{DA211DE5-F42C-47B0-9264-D036559477F6}.Release|x64.ActiveCfg = Release|Any CPU
		{DA211DE5-F42C-47B0-9264-D036559477F6}.Release|x64.Build.0 = Release|Any CPU
		{DA211DE5-F42C-47B0-9264-D036559477F6}.Release|x86.ActiveCfg = Release|Any CPU
		{DA211DE5-F42C-47B0-9264-D036559477F6}.Release|x86.Build.0 = Release|Any CPU
	EndGlobalSection
	GlobalSection(SolutionProperties) = preSolution
		HideSolutionNode = FALSE
	EndGlobalSection
	GlobalSection(NestedProjects) = preSolution
		{E2DC75B0-DC42-4339-B63F-97668079669F} = {827E0CD3-B72D-47B6-A68D-7590B98EB39B}
		{7B95449F-39D3-40B2-99DF-F0CD0957A7AE} = {827E0CD3-B72D-47B6-A68D-7590B98EB39B}
		{EC447DCF-ABFA-6E24-52A5-D7FD48A5C558} = {827E0CD3-B72D-47B6-A68D-7590B98EB39B}
		{0EC62A1A-9858-3A60-8A0C-FC9AACFA2EC7} = {EC447DCF-ABFA-6E24-52A5-D7FD48A5C558}
		{172B8EEB-3611-4905-AABA-FCA7F5748BAC} = {0EC62A1A-9858-3A60-8A0C-FC9AACFA2EC7}
		{D7B482C7-FAEB-4978-89E8-0F166386D3F5} = {0EC62A1A-9858-3A60-8A0C-FC9AACFA2EC7}
		{0258F34A-6275-4F39-9F49-C6B562F1BF1B} = {0EC62A1A-9858-3A60-8A0C-FC9AACFA2EC7}
		{8F8518B4-154E-A204-9343-2EC8B0A95320} = {EC447DCF-ABFA-6E24-52A5-D7FD48A5C558}
		{F6E541F9-EBDE-485A-8AB6-2D16FBD349A4} = {8F8518B4-154E-A204-9343-2EC8B0A95320}
		{F1F6CCEB-F062-4D30-8BDE-65D4E5C28A5F} = {8F8518B4-154E-A204-9343-2EC8B0A95320}
		{DD06DC28-7552-42B3-8E2E-93ACAD01789A} = {8F8518B4-154E-A204-9343-2EC8B0A95320}
		{76E800C0-1774-3B28-0A1E-377EB08ADE14} = {EC447DCF-ABFA-6E24-52A5-D7FD48A5C558}
		{88AC22A7-5B3A-4626-AA32-36F3915052C8} = {76E800C0-1774-3B28-0A1E-377EB08ADE14}
		{5429AA02-55CC-4AA2-A696-1DFCD9DF5289} = {76E800C0-1774-3B28-0A1E-377EB08ADE14}
		{0641840A-EE34-44C6-AB01-B12079A889B4} = {76E800C0-1774-3B28-0A1E-377EB08ADE14}
		{BB767D30-59F6-37E9-3681-AD736E8A03BF} = {EC447DCF-ABFA-6E24-52A5-D7FD48A5C558}
		{15DCD2AD-5D5C-4696-B81A-F641762364FF} = {BB767D30-59F6-37E9-3681-AD736E8A03BF}
		{CAFE53C8-E332-4F53-AEC3-351B537DDF94} = {BB767D30-59F6-37E9-3681-AD736E8A03BF}
		{4EF4966F-F492-40D5-8359-2AF69D32A244} = {BB767D30-59F6-37E9-3681-AD736E8A03BF}
		{6ADA4AB0-2536-CBD9-AEBC-C6B434F1AE41} = {EC447DCF-ABFA-6E24-52A5-D7FD48A5C558}
		{381A7FE5-DEEA-46D8-828D-2157425EDB20} = {6ADA4AB0-2536-CBD9-AEBC-C6B434F1AE41}
		{F9588CBA-3539-4F5B-AD3C-2DFBB61BDD5C} = {6ADA4AB0-2536-CBD9-AEBC-C6B434F1AE41}
		{B2062001-1673-4782-BB89-61D408B5A8B7} = {6ADA4AB0-2536-CBD9-AEBC-C6B434F1AE41}
		{1EE309CE-3C56-E0B4-4D30-990A2802E0F7} = {EC447DCF-ABFA-6E24-52A5-D7FD48A5C558}
		{43CAFC6B-2D86-4D1C-A02D-F67A76890DF5} = {1EE309CE-3C56-E0B4-4D30-990A2802E0F7}
		{9E599A46-005D-4002-9C54-E025F882FB0F} = {1EE309CE-3C56-E0B4-4D30-990A2802E0F7}
		{2DC360B3-9A26-4E31-BD1D-CE6C0BD95BE7} = {1EE309CE-3C56-E0B4-4D30-990A2802E0F7}
		{4F8133DB-A301-0A1E-3DDE-929E67CC9B96} = {EC447DCF-ABFA-6E24-52A5-D7FD48A5C558}
		{4F329341-5397-4485-9240-A73E9F324710} = {4F8133DB-A301-0A1E-3DDE-929E67CC9B96}
		{8D02DAC3-89D2-40C5-9BE8-36115C1766B2} = {4F8133DB-A301-0A1E-3DDE-929E67CC9B96}
		{09BC9780-762F-4522-8B57-870055C13BEF} = {4F8133DB-A301-0A1E-3DDE-929E67CC9B96}
		{486050DE-C6A4-B1E8-2B12-E91E5BE99E3F} = {EC447DCF-ABFA-6E24-52A5-D7FD48A5C558}
		{AFD87E8F-A9C8-4A0C-8685-37852F6D66F3} = {486050DE-C6A4-B1E8-2B12-E91E5BE99E3F}
		{55C16989-C47B-4257-83F6-CD42B00FE635} = {486050DE-C6A4-B1E8-2B12-E91E5BE99E3F}
		{0EB873A9-22A3-42D8-881F-CFDBE18B07E1} = {486050DE-C6A4-B1E8-2B12-E91E5BE99E3F}
		{B7504168-2F66-9EF4-E8D7-36B98062A6F8} = {EC447DCF-ABFA-6E24-52A5-D7FD48A5C558}
		{91BA7078-6A6F-4535-B10E-8738EA78F87A} = {B7504168-2F66-9EF4-E8D7-36B98062A6F8}
		{3EDF49F2-4714-490B-9E37-0192A2D1808D} = {B7504168-2F66-9EF4-E8D7-36B98062A6F8}
		{F99EB154-13EB-4A95-B4FB-737366937F06} = {B7504168-2F66-9EF4-E8D7-36B98062A6F8}
		{E9E1155A-A339-766C-C185-6698FF423EBC} = {EC447DCF-ABFA-6E24-52A5-D7FD48A5C558}
		{A6695E6B-2784-4894-9D5A-B73EBF15CC50} = {E9E1155A-A339-766C-C185-6698FF423EBC}
		{ADB17332-30BA-493C-92B8-7545DE4D3C2D} = {E9E1155A-A339-766C-C185-6698FF423EBC}
		{950CF8BA-3B41-4251-BAF4-2B0256E66E2E} = {E9E1155A-A339-766C-C185-6698FF423EBC}
		{FF19D679-8611-4D88-8C3A-4C3D8ACC1729} = {0AB3BF05-4346-4AA6-1389-037BE0695223}
		{FDE38BC4-2CCE-4244-8F12-B7B13FBE833A} = {0AB3BF05-4346-4AA6-1389-037BE0695223}
		{22FCA38C-0CD7-4D66-B428-12C87ABA7D51} = {0AB3BF05-4346-4AA6-1389-037BE0695223}
		{5CBEDCA9-E343-46A7-8B5D-AF693A95E2AE} = {0AB3BF05-4346-4AA6-1389-037BE0695223}
		{DA211DE5-F42C-47B0-9264-D036559477F6} = {0AB3BF05-4346-4AA6-1389-037BE0695223}
	EndGlobalSection
EndGlobal
